
Microsoft Visual Studio Solution File, Format Version 12.00
# Visual Studio 15
VisualStudioVersion = 15.0.27703.2026
MinimumVisualStudioVersion = 10.0.40219.1
Project("{9A19103F-16F7-4668-BE54-9A1E7A4F7556}") = "CakeWalk.WebApp", "CakeWalk.WebApp\CakeWalk.WebApp.csproj", "{3B78533C-5D03-4998-969B-B48185856333}"
EndProject
Project("{9A19103F-16F7-4668-BE54-9A1E7A4F7556}") = "CakeWalk.DAL", "CakeWalk.DAL\CakeWalk.DAL.csproj", "{7B886B6B-1BD2-44A2-A51F-063C89A2640D}"
EndProject
Project("{9A19103F-16F7-4668-BE54-9A1E7A4F7556}") = "CakeWalk.Exceptions", "CakeWalk.Exception\CakeWalk.Exceptions.csproj", "{3AD5D119-B9BC-4665-A89B-74DCD5DC40BA}"
EndProject
Project("{9A19103F-16F7-4668-BE54-9A1E7A4F7556}") = "CakeWalk.Helper", "CakeWalk.Helper\CakeWalk.Helper.csproj", "{08063B9F-02E8-4764-BB64-E141CFF272CA}"
EndProject
Project("{9A19103F-16F7-4668-BE54-9A1E7A4F7556}") = "CakeWalk.Model", "CakeWalk.Model\CakeWalk.Model.csproj", "{8F237A69-92A2-444A-8B33-F890A097511A}"
EndProject
Global
	GlobalSection(SolutionConfigurationPlatforms) = preSolution
		Debug|Any CPU = Debug|Any CPU
		Release|Any CPU = Release|Any CPU
	EndGlobalSection
	GlobalSection(ProjectConfigurationPlatforms) = postSolution
		{3B78533C-5D03-4998-969B-B48185856333}.Debug|Any CPU.ActiveCfg = Debug|Any CPU
		{3B78533C-5D03-4998-969B-B48185856333}.Debug|Any CPU.Build.0 = Debug|Any CPU
		{3B78533C-5D03-4998-969B-B48185856333}.Release|Any CPU.ActiveCfg = Release|Any CPU
		{3B78533C-5D03-4998-969B-B48185856333}.Release|Any CPU.Build.0 = Release|Any CPU
		{7B886B6B-1BD2-44A2-A51F-063C89A2640D}.Debug|Any CPU.ActiveCfg = Debug|Any CPU
		{7B886B6B-1BD2-44A2-A51F-063C89A2640D}.Debug|Any CPU.Build.0 = Debug|Any CPU
		{7B886B6B-1BD2-44A2-A51F-063C89A2640D}.Release|Any CPU.ActiveCfg = Release|Any CPU
		{7B886B6B-1BD2-44A2-A51F-063C89A2640D}.Release|Any CPU.Build.0 = Release|Any CPU
		{3AD5D119-B9BC-4665-A89B-74DCD5DC40BA}.Debug|Any CPU.ActiveCfg = Debug|Any CPU
		{3AD5D119-B9BC-4665-A89B-74DCD5DC40BA}.Debug|Any CPU.Build.0 = Debug|Any CPU
		{3AD5D119-B9BC-4665-A89B-74DCD5DC40BA}.Release|Any CPU.ActiveCfg = Release|Any CPU
		{3AD5D119-B9BC-4665-A89B-74DCD5DC40BA}.Release|Any CPU.Build.0 = Release|Any CPU
		{08063B9F-02E8-4764-BB64-E141CFF272CA}.Debug|Any CPU.ActiveCfg = Debug|Any CPU
		{08063B9F-02E8-4764-BB64-E141CFF272CA}.Debug|Any CPU.Build.0 = Debug|Any CPU
		{08063B9F-02E8-4764-BB64-E141CFF272CA}.Release|Any CPU.ActiveCfg = Release|Any CPU
		{08063B9F-02E8-4764-BB64-E141CFF272CA}.Release|Any CPU.Build.0 = Release|Any CPU
		{8F237A69-92A2-444A-8B33-F890A097511A}.Debug|Any CPU.ActiveCfg = Debug|Any CPU
		{8F237A69-92A2-444A-8B33-F890A097511A}.Debug|Any CPU.Build.0 = Debug|Any CPU
		{8F237A69-92A2-444A-8B33-F890A097511A}.Release|Any CPU.ActiveCfg = Release|Any CPU
		{8F237A69-92A2-444A-8B33-F890A097511A}.Release|Any CPU.Build.0 = Release|Any CPU
	EndGlobalSection
	GlobalSection(SolutionProperties) = preSolution
		HideSolutionNode = FALSE
	EndGlobalSection
	GlobalSection(ExtensibilityGlobals) = postSolution
		SolutionGuid = {A6262582-00E7-414E-840F-7680EEFBE0F1}
	EndGlobalSection
EndGlobal
